
Microsoft Visual Studio Solution File, Format Version 12.00
# Visual Studio Version 16
VisualStudioVersion = 16.0.32413.511
MinimumVisualStudioVersion = 10.0.40219.1
Project("{FAE04EC0-301F-11D3-BF4B-00C04F79EFBC}") = "20206117-bai2-muc2-3", "20206117-bai2-muc2-3.csproj", "{E6DD237A-B962-43A2-91F5-6061D6ACA322}"
EndProject
Global
	GlobalSection(SolutionConfigurationPlatforms) = preSolution
		Debug|Any CPU = Debug|Any CPU
		Release|Any CPU = Release|Any CPU
	EndGlobalSection
	GlobalSection(ProjectConfigurationPlatforms) = postSolution
		{E6DD237A-B962-43A2-91F5-6061D6ACA322}.Debug|Any CPU.ActiveCfg = Debug|Any CPU
		{E6DD237A-B962-43A2-91F5-6061D6ACA322}.Debug|Any CPU.Build.0 = Debug|Any CPU
		{E6DD237A-B962-43A2-91F5-6061D6ACA322}.Release|Any CPU.ActiveCfg = Release|Any CPU
		{E6DD237A-B962-43A2-91F5-6061D6ACA322}.Release|Any CPU.Build.0 = Release|Any CPU
	EndGlobalSection
	GlobalSection(SolutionProperties) = preSolution
		HideSolutionNode = FALSE
	EndGlobalSection
	GlobalSection(ExtensibilityGlobals) = postSolution
		SolutionGuid = {33F61DF3-3F50-4587-ADA1-6B70083E4B7D}
	EndGlobalSection
EndGlobal
