
Microsoft Visual Studio Solution File, Format Version 12.00
# Visual Studio Version 16
VisualStudioVersion = 16.0.32413.511
MinimumVisualStudioVersion = 10.0.40219.1
Project("{FAE04EC0-301F-11D3-BF4B-00C04F79EFBC}") = "20206117-Bai1-muc2a", "20206117-Bai1-muc2a.csproj", "{CDF15D15-CCF5-443F-B60F-AA24DD860D52}"
EndProject
Global
	GlobalSection(SolutionConfigurationPlatforms) = preSolution
		Debug|Any CPU = Debug|Any CPU
		Release|Any CPU = Release|Any CPU
	EndGlobalSection
	GlobalSection(ProjectConfigurationPlatforms) = postSolution
		{CDF15D15-CCF5-443F-B60F-AA24DD860D52}.Debug|Any CPU.ActiveCfg = Debug|Any CPU
		{CDF15D15-CCF5-443F-B60F-AA24DD860D52}.Debug|Any CPU.Build.0 = Debug|Any CPU
		{CDF15D15-CCF5-443F-B60F-AA24DD860D52}.Release|Any CPU.ActiveCfg = Release|Any CPU
		{CDF15D15-CCF5-443F-B60F-AA24DD860D52}.Release|Any CPU.Build.0 = Release|Any CPU
	EndGlobalSection
	GlobalSection(SolutionProperties) = preSolution
		HideSolutionNode = FALSE
	EndGlobalSection
	GlobalSection(ExtensibilityGlobals) = postSolution
		SolutionGuid = {C2477822-659B-4185-BD8A-A6A3C4D0B4B5}
	EndGlobalSection
EndGlobal
